{
  "requires": true,
  "lockfileVersion": 1,
  "dependencies": {
    "@angular/animations": {
      "version": "5.0.2",
      "resolved": "https://registry.npmjs.org/@angular/animations/-/animations-5.0.2.tgz",
      "integrity": "sha1-bTpzWk+Fw4jaa6P3ddu+YUBKwC0=",
      "requires": {
        "tslib": "1.8.0"
      }
    },
    "@angular/cdk": {
      "version": "5.0.0-rc0",
      "resolved": "https://registry.npmjs.org/@angular/cdk/-/cdk-5.0.0-rc0.tgz",
      "integrity": "sha512-wZg/mzHisiTieVt7Q/YNPB+r07PHvjoAT3+0mwyIP7wuC00W8BJLPhTZd/tIM5q7Nd69kuA1HSx1qLkcmlCZkw==",
      "requires": {
        "tslib": "1.8.0"
      }
    },
    "@angular/material": {
      "version": "5.0.0-rc0",
      "resolved": "https://registry.npmjs.org/@angular/material/-/material-5.0.0-rc0.tgz",
      "integrity": "sha512-ZW9gy3c8l2NbFfX9DRYSW+i67pPoL9DZoMCb16STQlhdDfwwAWNpjGF0etXkXw30hDnRCMGVVJVU+45cNXJspA==",
      "requires": {
        "tslib": "1.8.0"
      }
    },
    "hammerjs": {
      "version": "2.0.8",
      "resolved": "https://registry.npmjs.org/hammerjs/-/hammerjs-2.0.8.tgz",
      "integrity": "sha1-BO93hiz/K7edMPdpIJWTAiK/YPE="
    },
    "tslib": {
      "version": "1.8.0",
      "resolved": "https://registry.npmjs.org/tslib/-/tslib-1.8.0.tgz",
      "integrity": "sha512-ymKWWZJST0/CkgduC2qkzjMOWr4bouhuURNXCn/inEX0L57BnRG6FhX76o7FOnsjHazCjfU2LKeSrlS2sIKQJg=="
    }
  }
}
